// !$*UTF8*$!
{
	archiveVersion = 1;
	classes = {
	};
	objectVersion = 46;
	objects = {

/* Begin PBXBuildFile section */
		F325A81B182FF66500FDD705 /* BaseItemsLayout.m in Sources */ = {isa = PBXBuildFile; fileRef = F325A81A182FF66500FDD705 /* BaseItemsLayout.m */; };
		F325A821182FF96300FDD705 /* ItemsMatrixLayout.m in Sources */ = {isa = PBXBuildFile; fileRef = F325A820182FF96200FDD705 /* ItemsMatrixLayout.m */; };
		F325A8241830041500FDD705 /* ArrayConverseMatrix.m in Sources */ = {isa = PBXBuildFile; fileRef = F325A8231830041500FDD705 /* ArrayConverseMatrix.m */; };
		F364FEF218321D350053D512 /* ItemsLayoutModel.m in Sources */ = {isa = PBXBuildFile; fileRef = F364FEF118321D350053D512 /* ItemsLayoutModel.m */; };
		F3AB9303183082F100786CC0 /* ItemsMatrixLayoutManager.m in Sources */ = {isa = PBXBuildFile; fileRef = F3AB9302183082F100786CC0 /* ItemsMatrixLayoutManager.m */; };
		F3AB930A1832015900786CC0 /* GWViewController.m in Sources */ = {isa = PBXBuildFile; fileRef = F3AB93081832015300786CC0 /* GWViewController.m */; };
		F3AB930B1832015900786CC0 /* GWViewController.xib in Resources */ = {isa = PBXBuildFile; fileRef = F3AB93091832015600786CC0 /* GWViewController.xib */; };
		F3BBCAFC182E9EA200F368EC /* GWPopMenu.m in Sources */ = {isa = PBXBuildFile; fileRef = F3BBCAFB182E9EA200F368EC /* GWPopMenu.m */; };
		F3BBCAFF182EB4F900F368EC /* UIImage+ImageEffects.m in Sources */ = {isa = PBXBuildFile; fileRef = F3BBCAFE182EB4F900F368EC /* UIImage+ImageEffects.m */; };
		F3BBCB03182EB7AF00F368EC /* BlurBackgroundView.m in Sources */ = {isa = PBXBuildFile; fileRef = F3BBCB02182EB7AE00F368EC /* BlurBackgroundView.m */; };
		F3BBCB0B182EBA4500F368EC /* UIViewExt.m in Sources */ = {isa = PBXBuildFile; fileRef = F3BBCB0A182EBA4500F368EC /* UIViewExt.m */; };
		F3BBCB0E182EBC4F00F368EC /* plus.png in Resources */ = {isa = PBXBuildFile; fileRef = F3BBCB0C182EBC4F00F368EC /* plus.png */; };
		F3BBCB0F182EBC4F00F368EC /* plus@2x.png in Resources */ = {isa = PBXBuildFile; fileRef = F3BBCB0D182EBC4F00F368EC /* plus@2x.png */; };
		F3BBCB12182EBC5800F368EC /* menubg.png in Resources */ = {isa = PBXBuildFile; fileRef = F3BBCB10182EBC5800F368EC /* menubg.png */; };
		F3BBCB13182EBC5800F368EC /* menubg@2x.png in Resources */ = {isa = PBXBuildFile; fileRef = F3BBCB11182EBC5800F368EC /* menubg@2x.png */; };
		F3BBCB16182EBC7000F368EC /* navigitionBar.jpg in Resources */ = {isa = PBXBuildFile; fileRef = F3BBCB14182EBC6F00F368EC /* navigitionBar.jpg */; };
		F3BBCB17182EBC7000F368EC /* navigitionBar@2x.jpg in Resources */ = {isa = PBXBuildFile; fileRef = F3BBCB15182EBC6F00F368EC /* navigitionBar@2x.jpg */; };
		F3BBCB19182F33C000F368EC /* Accelerate.framework in Frameworks */ = {isa = PBXBuildFile; fileRef = F3BBCB18182F33BD00F368EC /* Accelerate.framework */; };
		F3BBCB1D182F377C00F368EC /* DemoControllerViewController.m in Sources */ = {isa = PBXBuildFile; fileRef = F3BBCB1B182F377600F368EC /* DemoControllerViewController.m */; };
		F3BBCB1E182F377C00F368EC /* DemoControllerViewController.xib in Resources */ = {isa = PBXBuildFile; fileRef = F3BBCB1C182F377B00F368EC /* DemoControllerViewController.xib */; };
		F3BBCB22182F390800F368EC /* bg.jpg in Resources */ = {isa = PBXBuildFile; fileRef = F3BBCB21182F390600F368EC /* bg.jpg */; };
		F3BBCB25182F3B4800F368EC /* gear.png in Resources */ = {isa = PBXBuildFile; fileRef = F3BBCB23182F3B4600F368EC /* gear.png */; };
		F3BBCB26182F3B4800F368EC /* gear@2x.png in Resources */ = {isa = PBXBuildFile; fileRef = F3BBCB24182F3B4700F368EC /* gear@2x.png */; };
		F3BBCB29182F3EF700F368EC /* 1@2x.png in Resources */ = {isa = PBXBuildFile; fileRef = F3BBCB27182F3EF300F368EC /* 1@2x.png */; };
		F3BBCB2A182F3EF700F368EC /* 1.png in Resources */ = {isa = PBXBuildFile; fileRef = F3BBCB28182F3EF600F368EC /* 1.png */; };
		F3BBCB2F182F421B00F368EC /* 2.png in Resources */ = {isa = PBXBuildFile; fileRef = F3BBCB2B182F420100F368EC /* 2.png */; };
		F3BBCB30182F421B00F368EC /* bg1.png in Resources */ = {isa = PBXBuildFile; fileRef = F3BBCB2C182F420700F368EC /* bg1.png */; };
		F3BBCB31182F421B00F368EC /* 2@2x.png in Resources */ = {isa = PBXBuildFile; fileRef = F3BBCB2D182F420800F368EC /* 2@2x.png */; };
		F3BBCB32182F421B00F368EC /* bg1@2x.png in Resources */ = {isa = PBXBuildFile; fileRef = F3BBCB2E182F421600F368EC /* bg1@2x.png */; };
		F3E93326182C9E0E0081DCC8 /* UIKit.framework in Frameworks */ = {isa = PBXBuildFile; fileRef = F3E93325182C9E0E0081DCC8 /* UIKit.framework */; };
		F3E93328182C9E0E0081DCC8 /* Foundation.framework in Frameworks */ = {isa = PBXBuildFile; fileRef = F3E93327182C9E0E0081DCC8 /* Foundation.framework */; };
		F3E9332A182C9E0E0081DCC8 /* CoreGraphics.framework in Frameworks */ = {isa = PBXBuildFile; fileRef = F3E93329182C9E0E0081DCC8 /* CoreGraphics.framework */; };
		F3E93330182C9E0E0081DCC8 /* InfoPlist.strings in Resources */ = {isa = PBXBuildFile; fileRef = F3E9332E182C9E0E0081DCC8 /* InfoPlist.strings */; };
		F3E93332182C9E0E0081DCC8 /* main.m in Sources */ = {isa = PBXBuildFile; fileRef = F3E93331182C9E0E0081DCC8 /* main.m */; };
		F3E93336182C9E0E0081DCC8 /* AppDelegate.m in Sources */ = {isa = PBXBuildFile; fileRef = F3E93335182C9E0E0081DCC8 /* AppDelegate.m */; };
		F3E93338182C9E0E0081DCC8 /* Default.png in Resources */ = {isa = PBXBuildFile; fileRef = F3E93337182C9E0E0081DCC8 /* Default.png */; };
		F3E9333A182C9E0F0081DCC8 /* Default@2x.png in Resources */ = {isa = PBXBuildFile; fileRef = F3E93339182C9E0F0081DCC8 /* Default@2x.png */; };
		F3E9333C182C9E0F0081DCC8 /* Default-568h@2x.png in Resources */ = {isa = PBXBuildFile; fileRef = F3E9333B182C9E0F0081DCC8 /* Default-568h@2x.png */; };
		F3E93346182CABE40081DCC8 /* QuartzCore.framework in Frameworks */ = {isa = PBXBuildFile; fileRef = F3E93345182CABE40081DCC8 /* QuartzCore.framework */; };
		F3E93349182CAC540081DCC8 /* CAKeyframeAnimation+Factory.m in Sources */ = {isa = PBXBuildFile; fileRef = F3E93348182CAC540081DCC8 /* CAKeyframeAnimation+Factory.m */; };
		F3E9334C182CEB5D0081DCC8 /* GWTimingFunction.c in Sources */ = {isa = PBXBuildFile; fileRef = F3E9334B182CEB5D0081DCC8 /* GWTimingFunction.c */; };
		F3E9334E182CEBB70081DCC8 /* GWPostitinValuesFuntion.c in Sources */ = {isa = PBXBuildFile; fileRef = F3E9334D182CEBB70081DCC8 /* GWPostitinValuesFuntion.c */; };
		F3E93352182D06790081DCC8 /* ItemsManager.m in Sources */ = {isa = PBXBuildFile; fileRef = F3E93351182D06790081DCC8 /* ItemsManager.m */; };
		F3E9335B182DDA500081DCC8 /* GWItemCell.m in Sources */ = {isa = PBXBuildFile; fileRef = F3E9335A182DDA4E0081DCC8 /* GWItemCell.m */; };
/* End PBXBuildFile section */

/* Begin PBXFileReference section */
		F325A819182FF66500FDD705 /* BaseItemsLayout.h */ = {isa = PBXFileReference; fileEncoding = 4; lastKnownFileType = sourcecode.c.h; path = BaseItemsLayout.h; sourceTree = "<group>"; };
		F325A81A182FF66500FDD705 /* BaseItemsLayout.m */ = {isa = PBXFileReference; fileEncoding = 4; lastKnownFileType = sourcecode.c.objc; path = BaseItemsLayout.m; sourceTree = "<group>"; };
		F325A81F182FF96200FDD705 /* ItemsMatrixLayout.h */ = {isa = PBXFileReference; fileEncoding = 4; lastKnownFileType = sourcecode.c.h; path = ItemsMatrixLayout.h; sourceTree = "<group>"; };
		F325A820182FF96200FDD705 /* ItemsMatrixLayout.m */ = {isa = PBXFileReference; fileEncoding = 4; lastKnownFileType = sourcecode.c.objc; path = ItemsMatrixLayout.m; sourceTree = "<group>"; };
		F325A8221830041500FDD705 /* ArrayConverseMatrix.h */ = {isa = PBXFileReference; fileEncoding = 4; lastKnownFileType = sourcecode.c.h; path = ArrayConverseMatrix.h; sourceTree = "<group>"; };
		F325A8231830041500FDD705 /* ArrayConverseMatrix.m */ = {isa = PBXFileReference; fileEncoding = 4; lastKnownFileType = sourcecode.c.objc; path = ArrayConverseMatrix.m; sourceTree = "<group>"; };
		F364FEF018321D340053D512 /* ItemsLayoutModel.h */ = {isa = PBXFileReference; fileEncoding = 4; lastKnownFileType = sourcecode.c.h; path = ItemsLayoutModel.h; sourceTree = "<group>"; };
		F364FEF118321D350053D512 /* ItemsLayoutModel.m */ = {isa = PBXFileReference; fileEncoding = 4; lastKnownFileType = sourcecode.c.objc; path = ItemsLayoutModel.m; sourceTree = "<group>"; };
		F3AB9301183082F100786CC0 /* ItemsMatrixLayoutManager.h */ = {isa = PBXFileReference; fileEncoding = 4; lastKnownFileType = sourcecode.c.h; path = ItemsMatrixLayoutManager.h; sourceTree = "<group>"; };
		F3AB9302183082F100786CC0 /* ItemsMatrixLayoutManager.m */ = {isa = PBXFileReference; fileEncoding = 4; lastKnownFileType = sourcecode.c.objc; path = ItemsMatrixLayoutManager.m; sourceTree = "<group>"; };
		F3AB93071832015100786CC0 /* GWViewController.h */ = {isa = PBXFileReference; fileEncoding = 4; lastKnownFileType = sourcecode.c.h; path = GWViewController.h; sourceTree = "<group>"; };
		F3AB93081832015300786CC0 /* GWViewController.m */ = {isa = PBXFileReference; fileEncoding = 4; lastKnownFileType = sourcecode.c.objc; path = GWViewController.m; sourceTree = "<group>"; };
		F3AB93091832015600786CC0 /* GWViewController.xib */ = {isa = PBXFileReference; fileEncoding = 4; lastKnownFileType = file.xib; path = GWViewController.xib; sourceTree = "<group>"; };
		F3BBCAF9182E806700F368EC /* CONSTS.h */ = {isa = PBXFileReference; lastKnownFileType = sourcecode.c.h; path = CONSTS.h; sourceTree = "<group>"; };
		F3BBCAFA182E9EA200F368EC /* GWPopMenu.h */ = {isa = PBXFileReference; fileEncoding = 4; lastKnownFileType = sourcecode.c.h; path = GWPopMenu.h; sourceTree = "<group>"; };
		F3BBCAFB182E9EA200F368EC /* GWPopMenu.m */ = {isa = PBXFileReference; fileEncoding = 4; lastKnownFileType = sourcecode.c.objc; path = GWPopMenu.m; sourceTree = "<group>"; };
		F3BBCAFD182EB4F900F368EC /* UIImage+ImageEffects.h */ = {isa = PBXFileReference; fileEncoding = 4; lastKnownFileType = sourcecode.c.h; path = "UIImage+ImageEffects.h"; sourceTree = "<group>"; };
		F3BBCAFE182EB4F900F368EC /* UIImage+ImageEffects.m */ = {isa = PBXFileReference; fileEncoding = 4; lastKnownFileType = sourcecode.c.objc; path = "UIImage+ImageEffects.m"; sourceTree = "<group>"; };
		F3BBCB01182EB7AD00F368EC /* BlurBackgroundView.h */ = {isa = PBXFileReference; fileEncoding = 4; lastKnownFileType = sourcecode.c.h; path = BlurBackgroundView.h; sourceTree = "<group>"; };
		F3BBCB02182EB7AE00F368EC /* BlurBackgroundView.m */ = {isa = PBXFileReference; fileEncoding = 4; lastKnownFileType = sourcecode.c.objc; path = BlurBackgroundView.m; sourceTree = "<group>"; };
		F3BBCB09182EBA4500F368EC /* UIViewExt.h */ = {isa = PBXFileReference; fileEncoding = 4; lastKnownFileType = sourcecode.c.h; path = UIViewExt.h; sourceTree = "<group>"; };
		F3BBCB0A182EBA4500F368EC /* UIViewExt.m */ = {isa = PBXFileReference; fileEncoding = 4; lastKnownFileType = sourcecode.c.objc; path = UIViewExt.m; sourceTree = "<group>"; };
		F3BBCB0C182EBC4F00F368EC /* plus.png */ = {isa = PBXFileReference; lastKnownFileType = image.png; path = plus.png; sourceTree = "<group>"; };
		F3BBCB0D182EBC4F00F368EC /* plus@2x.png */ = {isa = PBXFileReference; lastKnownFileType = image.png; path = "plus@2x.png"; sourceTree = "<group>"; };
		F3BBCB10182EBC5800F368EC /* menubg.png */ = {isa = PBXFileReference; lastKnownFileType = image.png; path = menubg.png; sourceTree = "<group>"; };
		F3BBCB11182EBC5800F368EC /* menubg@2x.png */ = {isa = PBXFileReference; lastKnownFileType = image.png; path = "menubg@2x.png"; sourceTree = "<group>"; };
		F3BBCB14182EBC6F00F368EC /* navigitionBar.jpg */ = {isa = PBXFileReference; lastKnownFileType = image.jpeg; path = navigitionBar.jpg; sourceTree = "<group>"; };
		F3BBCB15182EBC6F00F368EC /* navigitionBar@2x.jpg */ = {isa = PBXFileReference; lastKnownFileType = image.jpeg; path = "navigitionBar@2x.jpg"; sourceTree = "<group>"; };
		F3BBCB18182F33BD00F368EC /* Accelerate.framework */ = {isa = PBXFileReference; lastKnownFileType = wrapper.framework; name = Accelerate.framework; path = System/Library/Frameworks/Accelerate.framework; sourceTree = SDKROOT; };
		F3BBCB1A182F376D00F368EC /* DemoControllerViewController.h */ = {isa = PBXFileReference; fileEncoding = 4; lastKnownFileType = sourcecode.c.h; path = DemoControllerViewController.h; sourceTree = "<group>"; };
		F3BBCB1B182F377600F368EC /* DemoControllerViewController.m */ = {isa = PBXFileReference; fileEncoding = 4; lastKnownFileType = sourcecode.c.objc; path = DemoControllerViewController.m; sourceTree = "<group>"; };
		F3BBCB1C182F377B00F368EC /* DemoControllerViewController.xib */ = {isa = PBXFileReference; fileEncoding = 4; lastKnownFileType = file.xib; path = DemoControllerViewController.xib; sourceTree = "<group>"; };
		F3BBCB21182F390600F368EC /* bg.jpg */ = {isa = PBXFileReference; lastKnownFileType = image.jpeg; path = bg.jpg; sourceTree = "<group>"; };
		F3BBCB23182F3B4600F368EC /* gear.png */ = {isa = PBXFileReference; lastKnownFileType = image.png; path = gear.png; sourceTree = "<group>"; };
		F3BBCB24182F3B4700F368EC /* gear@2x.png */ = {isa = PBXFileReference; lastKnownFileType = image.png; path = "gear@2x.png"; sourceTree = "<group>"; };
		F3BBCB27182F3EF300F368EC /* 1@2x.png */ = {isa = PBXFileReference; lastKnownFileType = image.png; path = "1@2x.png"; sourceTree = "<group>"; };
		F3BBCB28182F3EF600F368EC /* 1.png */ = {isa = PBXFileReference; lastKnownFileType = image.png; path = 1.png; sourceTree = "<group>"; };
		F3BBCB2B182F420100F368EC /* 2.png */ = {isa = PBXFileReference; lastKnownFileType = image.png; path = 2.png; sourceTree = "<group>"; };
		F3BBCB2C182F420700F368EC /* bg1.png */ = {isa = PBXFileReference; lastKnownFileType = image.png; path = bg1.png; sourceTree = "<group>"; };
		F3BBCB2D182F420800F368EC /* 2@2x.png */ = {isa = PBXFileReference; lastKnownFileType = image.png; path = "2@2x.png"; sourceTree = "<group>"; };
		F3BBCB2E182F421600F368EC /* bg1@2x.png */ = {isa = PBXFileReference; lastKnownFileType = image.png; path = "bg1@2x.png"; sourceTree = "<group>"; };
		F3E93322182C9E0E0081DCC8 /* GWpopView.app */ = {isa = PBXFileReference; explicitFileType = wrapper.application; includeInIndex = 0; path = GWpopView.app; sourceTree = BUILT_PRODUCTS_DIR; };
		F3E93325182C9E0E0081DCC8 /* UIKit.framework */ = {isa = PBXFileReference; lastKnownFileType = wrapper.framework; name = UIKit.framework; path = System/Library/Frameworks/UIKit.framework; sourceTree = SDKROOT; };
		F3E93327182C9E0E0081DCC8 /* Foundation.framework */ = {isa = PBXFileReference; lastKnownFileType = wrapper.framework; name = Foundation.framework; path = System/Library/Frameworks/Foundation.framework; sourceTree = SDKROOT; };
		F3E93329182C9E0E0081DCC8 /* CoreGraphics.framework */ = {isa = PBXFileReference; lastKnownFileType = wrapper.framework; name = CoreGraphics.framework; path = System/Library/Frameworks/CoreGraphics.framework; sourceTree = SDKROOT; };
		F3E9332D182C9E0E0081DCC8 /* GWpopView-Info.plist */ = {isa = PBXFileReference; lastKnownFileType = text.plist.xml; path = "GWpopView-Info.plist"; sourceTree = "<group>"; };
		F3E9332F182C9E0E0081DCC8 /* en */ = {isa = PBXFileReference; lastKnownFileType = text.plist.strings; name = en; path = en.lproj/InfoPlist.strings; sourceTree = "<group>"; };
		F3E93331182C9E0E0081DCC8 /* main.m */ = {isa = PBXFileReference; lastKnownFileType = sourcecode.c.objc; path = main.m; sourceTree = "<group>"; };
		F3E93333182C9E0E0081DCC8 /* GWpopView-Prefix.pch */ = {isa = PBXFileReference; lastKnownFileType = sourcecode.c.h; path = "GWpopView-Prefix.pch"; sourceTree = "<group>"; };
		F3E93334182C9E0E0081DCC8 /* AppDelegate.h */ = {isa = PBXFileReference; lastKnownFileType = sourcecode.c.h; path = AppDelegate.h; sourceTree = "<group>"; };
		F3E93335182C9E0E0081DCC8 /* AppDelegate.m */ = {isa = PBXFileReference; lastKnownFileType = sourcecode.c.objc; path = AppDelegate.m; sourceTree = "<group>"; };
		F3E93337182C9E0E0081DCC8 /* Default.png */ = {isa = PBXFileReference; lastKnownFileType = image.png; path = Default.png; sourceTree = "<group>"; };
		F3E93339182C9E0F0081DCC8 /* Default@2x.png */ = {isa = PBXFileReference; lastKnownFileType = image.png; path = "Default@2x.png"; sourceTree = "<group>"; };
		F3E9333B182C9E0F0081DCC8 /* Default-568h@2x.png */ = {isa = PBXFileReference; lastKnownFileType = image.png; path = "Default-568h@2x.png"; sourceTree = "<group>"; };
		F3E93345182CABE40081DCC8 /* QuartzCore.framework */ = {isa = PBXFileReference; lastKnownFileType = wrapper.framework; name = QuartzCore.framework; path = System/Library/Frameworks/QuartzCore.framework; sourceTree = SDKROOT; };
		F3E93347182CAC540081DCC8 /* CAKeyframeAnimation+Factory.h */ = {isa = PBXFileReference; fileEncoding = 4; lastKnownFileType = sourcecode.c.h; path = "CAKeyframeAnimation+Factory.h"; sourceTree = "<group>"; };
		F3E93348182CAC540081DCC8 /* CAKeyframeAnimation+Factory.m */ = {isa = PBXFileReference; fileEncoding = 4; lastKnownFileType = sourcecode.c.objc; path = "CAKeyframeAnimation+Factory.m"; sourceTree = "<group>"; };
		F3E9334A182CEB560081DCC8 /* GWTimingFunction.h */ = {isa = PBXFileReference; lastKnownFileType = sourcecode.c.h; path = GWTimingFunction.h; sourceTree = "<group>"; };
		F3E9334B182CEB5D0081DCC8 /* GWTimingFunction.c */ = {isa = PBXFileReference; fileEncoding = 4; lastKnownFileType = sourcecode.c.c; path = GWTimingFunction.c; sourceTree = "<group>"; };
		F3E9334D182CEBB70081DCC8 /* GWPostitinValuesFuntion.c */ = {isa = PBXFileReference; fileEncoding = 4; lastKnownFileType = sourcecode.c.c; path = GWPostitinValuesFuntion.c; sourceTree = "<group>"; };
		F3E9334F182CEBC00081DCC8 /* GWPostitinValuesFuntion.h */ = {isa = PBXFileReference; lastKnownFileType = sourcecode.c.h; path = GWPostitinValuesFuntion.h; sourceTree = "<group>"; };
		F3E93350182D06790081DCC8 /* ItemsManager.h */ = {isa = PBXFileReference; fileEncoding = 4; lastKnownFileType = sourcecode.c.h; path = ItemsManager.h; sourceTree = "<group>"; };
		F3E93351182D06790081DCC8 /* ItemsManager.m */ = {isa = PBXFileReference; fileEncoding = 4; lastKnownFileType = sourcecode.c.objc; path = ItemsManager.m; sourceTree = "<group>"; };
		F3E93359182DDA4C0081DCC8 /* GWItemCell.h */ = {isa = PBXFileReference; fileEncoding = 4; lastKnownFileType = sourcecode.c.h; path = GWItemCell.h; sourceTree = "<group>"; };
		F3E9335A182DDA4E0081DCC8 /* GWItemCell.m */ = {isa = PBXFileReference; fileEncoding = 4; lastKnownFileType = sourcecode.c.objc; path = GWItemCell.m; sourceTree = "<group>"; };
/* End PBXFileReference section */

/* Begin PBXFrameworksBuildPhase section */
		F3E9331F182C9E0E0081DCC8 /* Frameworks */ = {
			isa = PBXFrameworksBuildPhase;
			buildActionMask = 2147483647;
			files = (
				F3BBCB19182F33C000F368EC /* Accelerate.framework in Frameworks */,
				F3E9332A182C9E0E0081DCC8 /* CoreGraphics.framework in Frameworks */,
				F3E93346182CABE40081DCC8 /* QuartzCore.framework in Frameworks */,
				F3E93326182C9E0E0081DCC8 /* UIKit.framework in Frameworks */,
				F3E93328182C9E0E0081DCC8 /* Foundation.framework in Frameworks */,
			);
			runOnlyForDeploymentPostprocessing = 0;
		};
/* End PBXFrameworksBuildPhase section */

/* Begin PBXGroup section */
		F3BBCB00182EB51900F368EC /* open source */ = {
			isa = PBXGroup;
			children = (
				F3BBCAFD182EB4F900F368EC /* UIImage+ImageEffects.h */,
				F3BBCAFE182EB4F900F368EC /* UIImage+ImageEffects.m */,
				F3BBCB2B182F420100F368EC /* 2.png */,
				F3BBCB2C182F420700F368EC /* bg1.png */,
				F3BBCB2D182F420800F368EC /* 2@2x.png */,
				F3BBCB21182F390600F368EC /* bg.jpg */,
				F3BBCB2E182F421600F368EC /* bg1@2x.png */,
				F3BBCB27182F3EF300F368EC /* 1@2x.png */,
				F3BBCB28182F3EF600F368EC /* 1.png */,
				F3BBCB23182F3B4600F368EC /* gear.png */,
				F3BBCB24182F3B4700F368EC /* gear@2x.png */,
				F3BBCB0C182EBC4F00F368EC /* plus.png */,
				F3BBCB0D182EBC4F00F368EC /* plus@2x.png */,
				F3BBCB10182EBC5800F368EC /* menubg.png */,
				F3BBCB11182EBC5800F368EC /* menubg@2x.png */,
				F3BBCB14182EBC6F00F368EC /* navigitionBar.jpg */,
				F3BBCB15182EBC6F00F368EC /* navigitionBar@2x.jpg */,
			);
			name = "open source";
			sourceTree = "<group>";
		};
		F3BBCB04182EB7C000F368EC /* ItemsFactory */ = {
			isa = PBXGroup;
			children = (
				F3E93350182D06790081DCC8 /* ItemsManager.h */,
				F3E93351182D06790081DCC8 /* ItemsManager.m */,
				F3AB9301183082F100786CC0 /* ItemsMatrixLayoutManager.h */,
				F3AB9302183082F100786CC0 /* ItemsMatrixLayoutManager.m */,
			);
			name = ItemsFactory;
			sourceTree = "<group>";
		};
		F3BBCB05182EB7E800F368EC /* ItemsLayout */ = {
			isa = PBXGroup;
			children = (
				F325A819182FF66500FDD705 /* BaseItemsLayout.h */,
				F325A81A182FF66500FDD705 /* BaseItemsLayout.m */,
				F325A81F182FF96200FDD705 /* ItemsMatrixLayout.h */,
				F325A820182FF96200FDD705 /* ItemsMatrixLayout.m */,
			);
			name = ItemsLayout;
			sourceTree = "<group>";
		};
		F3BBCB06182EB81600F368EC /* Utils */ = {
			isa = PBXGroup;
			children = (
				F3BBCB09182EBA4500F368EC /* UIViewExt.h */,
				F3BBCB0A182EBA4500F368EC /* UIViewExt.m */,
				F3BBCAF9182E806700F368EC /* CONSTS.h */,
				F3E93347182CAC540081DCC8 /* CAKeyframeAnimation+Factory.h */,
				F3E93348182CAC540081DCC8 /* CAKeyframeAnimation+Factory.m */,
				F3E9334A182CEB560081DCC8 /* GWTimingFunction.h */,
				F3E9334B182CEB5D0081DCC8 /* GWTimingFunction.c */,
				F3E9334F182CEBC00081DCC8 /* GWPostitinValuesFuntion.h */,
				F3E9334D182CEBB70081DCC8 /* GWPostitinValuesFuntion.c */,
				F325A8221830041500FDD705 /* ArrayConverseMatrix.h */,
				F325A8231830041500FDD705 /* ArrayConverseMatrix.m */,
			);
			name = Utils;
			sourceTree = "<group>";
		};
		F3BBCB07182EB93700F368EC /* GWPopView */ = {
			isa = PBXGroup;
			children = (
				F3BBCAFA182E9EA200F368EC /* GWPopMenu.h */,
				F3BBCAFB182E9EA200F368EC /* GWPopMenu.m */,
				F3BBCB04182EB7C000F368EC /* ItemsFactory */,
				F3BBCB05182EB7E800F368EC /* ItemsLayout */,
				F3E93359182DDA4C0081DCC8 /* GWItemCell.h */,
				F3E9335A182DDA4E0081DCC8 /* GWItemCell.m */,
				F3BBCB01182EB7AD00F368EC /* BlurBackgroundView.h */,
				F3BBCB02182EB7AE00F368EC /* BlurBackgroundView.m */,
				F364FEF018321D340053D512 /* ItemsLayoutModel.h */,
				F364FEF118321D350053D512 /* ItemsLayoutModel.m */,
				F3BBCB06182EB81600F368EC /* Utils */,
				F3BBCB00182EB51900F368EC /* open source */,
			);
			name = GWPopView;
			sourceTree = "<group>";
		};
		F3BBCB08182EB94F00F368EC /* Examples */ = {
			isa = PBXGroup;
			children = (
				F3BBCB1A182F376D00F368EC /* DemoControllerViewController.h */,
				F3BBCB1B182F377600F368EC /* DemoControllerViewController.m */,
				F3BBCB1C182F377B00F368EC /* DemoControllerViewController.xib */,
				F3AB93071832015100786CC0 /* GWViewController.h */,
				F3AB93081832015300786CC0 /* GWViewController.m */,
				F3AB93091832015600786CC0 /* GWViewController.xib */,
			);
			name = Examples;
			sourceTree = "<group>";
		};
		F3E93319182C9E0E0081DCC8 = {
			isa = PBXGroup;
			children = (
				F3BBCB18182F33BD00F368EC /* Accelerate.framework */,
				F3E93345182CABE40081DCC8 /* QuartzCore.framework */,
				F3E9332B182C9E0E0081DCC8 /* GWpopView */,
				F3E93324182C9E0E0081DCC8 /* Frameworks */,
				F3E93323182C9E0E0081DCC8 /* Products */,
			);
			sourceTree = "<group>";
		};
		F3E93323182C9E0E0081DCC8 /* Products */ = {
			isa = PBXGroup;
			children = (
				F3E93322182C9E0E0081DCC8 /* GWpopView.app */,
			);
			name = Products;
			sourceTree = "<group>";
		};
		F3E93324182C9E0E0081DCC8 /* Frameworks */ = {
			isa = PBXGroup;
			children = (
				F3E93325182C9E0E0081DCC8 /* UIKit.framework */,
				F3E93327182C9E0E0081DCC8 /* Foundation.framework */,
				F3E93329182C9E0E0081DCC8 /* CoreGraphics.framework */,
			);
			name = Frameworks;
			sourceTree = "<group>";
		};
		F3E9332B182C9E0E0081DCC8 /* GWpopView */ = {
			isa = PBXGroup;
			children = (
				F3E93334182C9E0E0081DCC8 /* AppDelegate.h */,
				F3E93335182C9E0E0081DCC8 /* AppDelegate.m */,
				F3BBCB08182EB94F00F368EC /* Examples */,
				F3BBCB07182EB93700F368EC /* GWPopView */,
				F3E9332C182C9E0E0081DCC8 /* Supporting Files */,
			);
			path = GWpopView;
			sourceTree = "<group>";
		};
		F3E9332C182C9E0E0081DCC8 /* Supporting Files */ = {
			isa = PBXGroup;
			children = (
				F3E9332D182C9E0E0081DCC8 /* GWpopView-Info.plist */,
				F3E9332E182C9E0E0081DCC8 /* InfoPlist.strings */,
				F3E93331182C9E0E0081DCC8 /* main.m */,
				F3E93333182C9E0E0081DCC8 /* GWpopView-Prefix.pch */,
				F3E93337182C9E0E0081DCC8 /* Default.png */,
				F3E93339182C9E0F0081DCC8 /* Default@2x.png */,
				F3E9333B182C9E0F0081DCC8 /* Default-568h@2x.png */,
			);
			name = "Supporting Files";
			sourceTree = "<group>";
		};
/* End PBXGroup section */

/* Begin PBXNativeTarget section */
		F3E93321182C9E0E0081DCC8 /* GWpopView */ = {
			isa = PBXNativeTarget;
			buildConfigurationList = F3E9333F182C9E0F0081DCC8 /* Build configuration list for PBXNativeTarget "GWpopView" */;
			buildPhases = (
				F3E9331E182C9E0E0081DCC8 /* Sources */,
				F3E9331F182C9E0E0081DCC8 /* Frameworks */,
				F3E93320182C9E0E0081DCC8 /* Resources */,
			);
			buildRules = (
			);
			dependencies = (
			);
			name = GWpopView;
			productName = GWpopView;
			productReference = F3E93322182C9E0E0081DCC8 /* GWpopView.app */;
			productType = "com.apple.product-type.application";
		};
/* End PBXNativeTarget section */

/* Begin PBXProject section */
		F3E9331A182C9E0E0081DCC8 /* Project object */ = {
			isa = PBXProject;
			attributes = {
				LastUpgradeCheck = 0460;
				ORGANIZATIONNAME = cannaan;
			};
			buildConfigurationList = F3E9331D182C9E0E0081DCC8 /* Build configuration list for PBXProject "GWpopView" */;
			compatibilityVersion = "Xcode 3.2";
			developmentRegion = English;
			hasScannedForEncodings = 0;
			knownRegions = (
				en,
			);
			mainGroup = F3E93319182C9E0E0081DCC8;
			productRefGroup = F3E93323182C9E0E0081DCC8 /* Products */;
			projectDirPath = "";
			projectRoot = "";
			targets = (
				F3E93321182C9E0E0081DCC8 /* GWpopView */,
			);
		};
/* End PBXProject section */

/* Begin PBXResourcesBuildPhase section */
		F3E93320182C9E0E0081DCC8 /* Resources */ = {
			isa = PBXResourcesBuildPhase;
			buildActionMask = 2147483647;
			files = (
				F3E93330182C9E0E0081DCC8 /* InfoPlist.strings in Resources */,
				F3E93338182C9E0E0081DCC8 /* Default.png in Resources */,
				F3E9333A182C9E0F0081DCC8 /* Default@2x.png in Resources */,
				F3E9333C182C9E0F0081DCC8 /* Default-568h@2x.png in Resources */,
				F3BBCB0E182EBC4F00F368EC /* plus.png in Resources */,
				F3BBCB0F182EBC4F00F368EC /* plus@2x.png in Resources */,
				F3BBCB12182EBC5800F368EC /* menubg.png in Resources */,
				F3BBCB13182EBC5800F368EC /* menubg@2x.png in Resources */,
				F3BBCB16182EBC7000F368EC /* navigitionBar.jpg in Resources */,
				F3BBCB17182EBC7000F368EC /* navigitionBar@2x.jpg in Resources */,
				F3BBCB1E182F377C00F368EC /* DemoControllerViewController.xib in Resources */,
				F3BBCB22182F390800F368EC /* bg.jpg in Resources */,
				F3BBCB25182F3B4800F368EC /* gear.png in Resources */,
				F3BBCB26182F3B4800F368EC /* gear@2x.png in Resources */,
				F3BBCB29182F3EF700F368EC /* 1@2x.png in Resources */,
				F3BBCB2A182F3EF700F368EC /* 1.png in Resources */,
				F3BBCB2F182F421B00F368EC /* 2.png in Resources */,
				F3BBCB30182F421B00F368EC /* bg1.png in Resources */,
				F3BBCB31182F421B00F368EC /* 2@2x.png in Resources */,
				F3BBCB32182F421B00F368EC /* bg1@2x.png in Resources */,
				F3AB930B1832015900786CC0 /* GWViewController.xib in Resources */,
			);
			runOnlyForDeploymentPostprocessing = 0;
		};
/* End PBXResourcesBuildPhase section */

/* Begin PBXSourcesBuildPhase section */
		F3E9331E182C9E0E0081DCC8 /* Sources */ = {
			isa = PBXSourcesBuildPhase;
			buildActionMask = 2147483647;
			files = (
				F3E93332182C9E0E0081DCC8 /* main.m in Sources */,
				F3E93336182C9E0E0081DCC8 /* AppDelegate.m in Sources */,
				F3E93349182CAC540081DCC8 /* CAKeyframeAnimation+Factory.m in Sources */,
				F3E9334C182CEB5D0081DCC8 /* GWTimingFunction.c in Sources */,
				F3E9334E182CEBB70081DCC8 /* GWPostitinValuesFuntion.c in Sources */,
				F3E93352182D06790081DCC8 /* ItemsManager.m in Sources */,
				F3E9335B182DDA500081DCC8 /* GWItemCell.m in Sources */,
				F3BBCAFC182E9EA200F368EC /* GWPopMenu.m in Sources */,
				F3BBCAFF182EB4F900F368EC /* UIImage+ImageEffects.m in Sources */,
				F3BBCB03182EB7AF00F368EC /* BlurBackgroundView.m in Sources */,
				F3BBCB0B182EBA4500F368EC /* UIViewExt.m in Sources */,
				F3BBCB1D182F377C00F368EC /* DemoControllerViewController.m in Sources */,
				F325A81B182FF66500FDD705 /* BaseItemsLayout.m in Sources */,
				F325A821182FF96300FDD705 /* ItemsMatrixLayout.m in Sources */,
				F325A8241830041500FDD705 /* ArrayConverseMatrix.m in Sources */,
				F3AB9303183082F100786CC0 /* ItemsMatrixLayoutManager.m in Sources */,
				F3AB930A1832015900786CC0 /* GWViewController.m in Sources */,
				F364FEF218321D350053D512 /* ItemsLayoutModel.m in Sources */,
			);
			runOnlyForDeploymentPostprocessing = 0;
		};
/* End PBXSourcesBuildPhase section */

/* Begin PBXVariantGroup section */
		F3E9332E182C9E0E0081DCC8 /* InfoPlist.strings */ = {
			isa = PBXVariantGroup;
			children = (
				F3E9332F182C9E0E0081DCC8 /* en */,
			);
			name = InfoPlist.strings;
			sourceTree = "<group>";
		};
/* End PBXVariantGroup section */

/* Begin XCBuildConfiguration section */
		F3E9333D182C9E0F0081DCC8 /* Debug */ = {
			isa = XCBuildConfiguration;
			buildSettings = {
				ALWAYS_SEARCH_USER_PATHS = NO;
				CLANG_CXX_LANGUAGE_STANDARD = "gnu++0x";
				CLANG_CXX_LIBRARY = "libc++";
				CLANG_ENABLE_OBJC_ARC = YES;
				CLANG_WARN_CONSTANT_CONVERSION = YES;
				CLANG_WARN_EMPTY_BODY = YES;
				CLANG_WARN_ENUM_CONVERSION = YES;
				CLANG_WARN_INT_CONVERSION = YES;
				CLANG_WARN__DUPLICATE_METHOD_MATCH = YES;
				"CODE_SIGN_IDENTITY[sdk=iphoneos*]" = "iPhone Developer";
				COPY_PHASE_STRIP = NO;
				GCC_C_LANGUAGE_STANDARD = gnu99;
				GCC_DYNAMIC_NO_PIC = NO;
				GCC_OPTIMIZATION_LEVEL = 0;
				GCC_PREPROCESSOR_DEFINITIONS = (
					"DEBUG=1",
					"$(inherited)",
				);
				GCC_SYMBOLS_PRIVATE_EXTERN = NO;
				GCC_WARN_ABOUT_RETURN_TYPE = YES;
				GCC_WARN_UNINITIALIZED_AUTOS = YES;
				GCC_WARN_UNUSED_VARIABLE = YES;
				IPHONEOS_DEPLOYMENT_TARGET = 6.1;
				ONLY_ACTIVE_ARCH = YES;
				SDKROOT = iphoneos;
				TARGETED_DEVICE_FAMILY = "1,2";
			};
			name = Debug;
		};
		F3E9333E182C9E0F0081DCC8 /* Release */ = {
			isa = XCBuildConfiguration;
			buildSettings = {
				ALWAYS_SEARCH_USER_PATHS = NO;
				CLANG_CXX_LANGUAGE_STANDARD = "gnu++0x";
				CLANG_CXX_LIBRARY = "libc++";
				CLANG_ENABLE_OBJC_ARC = YES;
				CLANG_WARN_CONSTANT_CONVERSION = YES;
				CLANG_WARN_EMPTY_BODY = YES;
				CLANG_WARN_ENUM_CONVERSION = YES;
				CLANG_WARN_INT_CONVERSION = YES;
				CLANG_WARN__DUPLICATE_METHOD_MATCH = YES;
				"CODE_SIGN_IDENTITY[sdk=iphoneos*]" = "iPhone Developer";
				COPY_PHASE_STRIP = YES;
				GCC_C_LANGUAGE_STANDARD = gnu99;
				GCC_WARN_ABOUT_RETURN_TYPE = YES;
				GCC_WARN_UNINITIALIZED_AUTOS = YES;
				GCC_WARN_UNUSED_VARIABLE = YES;
				IPHONEOS_DEPLOYMENT_TARGET = 6.1;
				OTHER_CFLAGS = "-DNS_BLOCK_ASSERTIONS=1";
				SDKROOT = iphoneos;
				TARGETED_DEVICE_FAMILY = "1,2";
				VALIDATE_PRODUCT = YES;
			};
			name = Release;
		};
		F3E93340182C9E0F0081DCC8 /* Debug */ = {
			isa = XCBuildConfiguration;
			buildSettings = {
				GCC_PRECOMPILE_PREFIX_HEADER = YES;
				GCC_PREFIX_HEADER = "GWpopView/GWpopView-Prefix.pch";
				INFOPLIST_FILE = "GWpopView/GWpopView-Info.plist";
				PRODUCT_NAME = "$(TARGET_NAME)";
				WRAPPER_EXTENSION = app;
			};
			name = Debug;
		};
		F3E93341182C9E0F0081DCC8 /* Release */ = {
			isa = XCBuildConfiguration;
			buildSettings = {
				GCC_PRECOMPILE_PREFIX_HEADER = YES;
				GCC_PREFIX_HEADER = "GWpopView/GWpopView-Prefix.pch";
				INFOPLIST_FILE = "GWpopView/GWpopView-Info.plist";
				PRODUCT_NAME = "$(TARGET_NAME)";
				WRAPPER_EXTENSION = app;
			};
			name = Release;
		};
/* End XCBuildConfiguration section */

/* Begin XCConfigurationList section */
		F3E9331D182C9E0E0081DCC8 /* Build configuration list for PBXProject "GWpopView" */ = {
			isa = XCConfigurationList;
			buildConfigurations = (
				F3E9333D182C9E0F0081DCC8 /* Debug */,
				F3E9333E182C9E0F0081DCC8 /* Release */,
			);
			defaultConfigurationIsVisible = 0;
			defaultConfigurationName = Release;
		};
		F3E9333F182C9E0F0081DCC8 /* Build configuration list for PBXNativeTarget "GWpopView" */ = {
			isa = XCConfigurationList;
			buildConfigurations = (
				F3E93340182C9E0F0081DCC8 /* Debug */,
				F3E93341182C9E0F0081DCC8 /* Release */,
			);
			defaultConfigurationIsVisible = 0;
			defaultConfigurationName = Release;
		};
/* End XCConfigurationList section */
	};
	rootObject = F3E9331A182C9E0E0081DCC8 /* Project object */;
}
